
Microsoft Visual Studio Solution File, Format Version 12.00
# Visual Studio 15
VisualStudioVersion = 15.0.28010.2046
MinimumVisualStudioVersion = 10.0.40219.1
Project("{FAE04EC0-301F-11D3-BF4B-00C04F79EFBC}") = "CG 14-1", "CG 14-1\CG 14-1.csproj", "{57744C84-D1A2-4DB7-B5FB-D8341D5A571A}"
EndProject
Global
	GlobalSection(SolutionConfigurationPlatforms) = preSolution
		Debug|Any CPU = Debug|Any CPU
		Release|Any CPU = Release|Any CPU
	EndGlobalSection
	GlobalSection(ProjectConfigurationPlatforms) = postSolution
		{57744C84-D1A2-4DB7-B5FB-D8341D5A571A}.Debug|Any CPU.ActiveCfg = Debug|Any CPU
		{57744C84-D1A2-4DB7-B5FB-D8341D5A571A}.Debug|Any CPU.Build.0 = Debug|Any CPU
		{57744C84-D1A2-4DB7-B5FB-D8341D5A571A}.Release|Any CPU.ActiveCfg = Release|Any CPU
		{57744C84-D1A2-4DB7-B5FB-D8341D5A571A}.Release|Any CPU.Build.0 = Release|Any CPU
	EndGlobalSection
	GlobalSection(SolutionProperties) = preSolution
		HideSolutionNode = FALSE
	EndGlobalSection
	GlobalSection(ExtensibilityGlobals) = postSolution
		SolutionGuid = {AC35147C-9B31-423B-BC19-FD19845EFC02}
	EndGlobalSection
EndGlobal
